
Microsoft Visual Studio Solution File, Format Version 12.00
# Visual Studio Version 17
VisualStudioVersion = 17.1.32210.238
MinimumVisualStudioVersion = 10.0.40219.1
Project("{9A19103F-16F7-4668-BE54-9A1E7A4F7556}") = "UserLogin", "PS_36_Slavi_Stoyanchev\UserLogin.csproj", "{0C130C90-0BA0-4488-86AD-6199CC4A081A}"
EndProject
Project("{2150E333-8FDC-42A3-9474-1A3956D46DE8}") = "Solution Items", "Solution Items", "{92D7D03D-D467-4805-8D87-918CE256E0CA}"
EndProject
Project("{FAE04EC0-301F-11D3-BF4B-00C04F79EFBC}") = "StudentInfoSystem", "StudentInfoSystem\StudentInfoSystem.csproj", "{C2F3D266-FF86-4601-9046-A5B4FAF5B1CE}"
EndProject
Project("{FAE04EC0-301F-11D3-BF4B-00C04F79EFBC}") = "WPFhello", "WPFhello\WPFhello.csproj", "{DBC076CD-482C-4C6B-A88D-812900FEB91F}"
EndProject
Project("{FAE04EC0-301F-11D3-BF4B-00C04F79EFBC}") = "ExpenseIt", "ExpenseIt\ExpenseIt.csproj", "{F6CACFEB-7D1D-4869-AA75-E5202C603D6D}"
EndProject
Project("{FAE04EC0-301F-11D3-BF4B-00C04F79EFBC}") = "WpfExample", "WpfExample\WpfExample.csproj", "{88719EE0-A09F-4E4A-85A5-FBF6F8CB07BD}"
EndProject
Project("{FAE04EC0-301F-11D3-BF4B-00C04F79EFBC}") = "EasyMVVM", "EasyMVVM\EasyMVVM.csproj", "{61D28C49-B86E-422C-97C5-AFE7C85DCCD9}"
EndProject
Global
	GlobalSection(SolutionConfigurationPlatforms) = preSolution
		Debug|Any CPU = Debug|Any CPU
		Release|Any CPU = Release|Any CPU
	EndGlobalSection
	GlobalSection(ProjectConfigurationPlatforms) = postSolution
		{0C130C90-0BA0-4488-86AD-6199CC4A081A}.Debug|Any CPU.ActiveCfg = Debug|Any CPU
		{0C130C90-0BA0-4488-86AD-6199CC4A081A}.Debug|Any CPU.Build.0 = Debug|Any CPU
		{0C130C90-0BA0-4488-86AD-6199CC4A081A}.Release|Any CPU.ActiveCfg = Release|Any CPU
		{0C130C90-0BA0-4488-86AD-6199CC4A081A}.Release|Any CPU.Build.0 = Release|Any CPU
		{C2F3D266-FF86-4601-9046-A5B4FAF5B1CE}.Debug|Any CPU.ActiveCfg = Debug|Any CPU
		{C2F3D266-FF86-4601-9046-A5B4FAF5B1CE}.Debug|Any CPU.Build.0 = Debug|Any CPU
		{C2F3D266-FF86-4601-9046-A5B4FAF5B1CE}.Release|Any CPU.ActiveCfg = Release|Any CPU
		{C2F3D266-FF86-4601-9046-A5B4FAF5B1CE}.Release|Any CPU.Build.0 = Release|Any CPU
		{DBC076CD-482C-4C6B-A88D-812900FEB91F}.Debug|Any CPU.ActiveCfg = Debug|Any CPU
		{DBC076CD-482C-4C6B-A88D-812900FEB91F}.Debug|Any CPU.Build.0 = Debug|Any CPU
		{DBC076CD-482C-4C6B-A88D-812900FEB91F}.Release|Any CPU.ActiveCfg = Release|Any CPU
		{DBC076CD-482C-4C6B-A88D-812900FEB91F}.Release|Any CPU.Build.0 = Release|Any CPU
		{F6CACFEB-7D1D-4869-AA75-E5202C603D6D}.Debug|Any CPU.ActiveCfg = Debug|Any CPU
		{F6CACFEB-7D1D-4869-AA75-E5202C603D6D}.Debug|Any CPU.Build.0 = Debug|Any CPU
		{F6CACFEB-7D1D-4869-AA75-E5202C603D6D}.Release|Any CPU.ActiveCfg = Release|Any CPU
		{F6CACFEB-7D1D-4869-AA75-E5202C603D6D}.Release|Any CPU.Build.0 = Release|Any CPU
		{88719EE0-A09F-4E4A-85A5-FBF6F8CB07BD}.Debug|Any CPU.ActiveCfg = Debug|Any CPU
		{88719EE0-A09F-4E4A-85A5-FBF6F8CB07BD}.Debug|Any CPU.Build.0 = Debug|Any CPU
		{88719EE0-A09F-4E4A-85A5-FBF6F8CB07BD}.Release|Any CPU.ActiveCfg = Release|Any CPU
		{88719EE0-A09F-4E4A-85A5-FBF6F8CB07BD}.Release|Any CPU.Build.0 = Release|Any CPU
		{61D28C49-B86E-422C-97C5-AFE7C85DCCD9}.Debug|Any CPU.ActiveCfg = Debug|Any CPU
		{61D28C49-B86E-422C-97C5-AFE7C85DCCD9}.Debug|Any CPU.Build.0 = Debug|Any CPU
		{61D28C49-B86E-422C-97C5-AFE7C85DCCD9}.Release|Any CPU.ActiveCfg = Release|Any CPU
		{61D28C49-B86E-422C-97C5-AFE7C85DCCD9}.Release|Any CPU.Build.0 = Release|Any CPU
	EndGlobalSection
	GlobalSection(SolutionProperties) = preSolution
		HideSolutionNode = FALSE
	EndGlobalSection
	GlobalSection(ExtensibilityGlobals) = postSolution
		SolutionGuid = {64C41C91-4F95-4716-AED0-7B1548F53024}
	EndGlobalSection
EndGlobal
